
Microsoft Visual Studio Solution File, Format Version 12.00
# Visual Studio Version 17
VisualStudioVersion = 17.10.34928.147
MinimumVisualStudioVersion = 10.0.40219.1
Project("{FAE04EC0-301F-11D3-BF4B-00C04F79EFBC}") = "Ejercicio 1", "Ejercicio 1\Ejercicio 1.csproj", "{59286247-D142-4405-AC54-2150CCE9CBC0}"
EndProject
Global
	GlobalSection(SolutionConfigurationPlatforms) = preSolution
		Debug|Any CPU = Debug|Any CPU
		Release|Any CPU = Release|Any CPU
	EndGlobalSection
	GlobalSection(ProjectConfigurationPlatforms) = postSolution
		{59286247-D142-4405-AC54-2150CCE9CBC0}.Debug|Any CPU.ActiveCfg = Debug|Any CPU
		{59286247-D142-4405-AC54-2150CCE9CBC0}.Debug|Any CPU.Build.0 = Debug|Any CPU
		{59286247-D142-4405-AC54-2150CCE9CBC0}.Release|Any CPU.ActiveCfg = Release|Any CPU
		{59286247-D142-4405-AC54-2150CCE9CBC0}.Release|Any CPU.Build.0 = Release|Any CPU
	EndGlobalSection
	GlobalSection(SolutionProperties) = preSolution
		HideSolutionNode = FALSE
	EndGlobalSection
	GlobalSection(ExtensibilityGlobals) = postSolution
		SolutionGuid = {645FB0AF-2748-473F-97F8-CE111A3328EE}
	EndGlobalSection
EndGlobal
